
Microsoft Visual Studio Solution File, Format Version 12.00
# Visual Studio Version 17
VisualStudioVersion = 17.4.33205.214
MinimumVisualStudioVersion = 10.0.40219.1
Project("{FAE04EC0-301F-11D3-BF4B-00C04F79EFBC}") = "BackendAssessment", "BackendAssessment\BackendAssessment.csproj", "{22BA8D8E-FFBA-4D76-A87C-C61F51F98054}"
EndProject
Global
	GlobalSection(SolutionConfigurationPlatforms) = preSolution
		Debug|Any CPU = Debug|Any CPU
		Release|Any CPU = Release|Any CPU
	EndGlobalSection
	GlobalSection(ProjectConfigurationPlatforms) = postSolution
		{22BA8D8E-FFBA-4D76-A87C-C61F51F98054}.Debug|Any CPU.ActiveCfg = Debug|Any CPU
		{22BA8D8E-FFBA-4D76-A87C-C61F51F98054}.Debug|Any CPU.Build.0 = Debug|Any CPU
		{22BA8D8E-FFBA-4D76-A87C-C61F51F98054}.Release|Any CPU.ActiveCfg = Release|Any CPU
		{22BA8D8E-FFBA-4D76-A87C-C61F51F98054}.Release|Any CPU.Build.0 = Release|Any CPU
	EndGlobalSection
	GlobalSection(SolutionProperties) = preSolution
		HideSolutionNode = FALSE
	EndGlobalSection
	GlobalSection(ExtensibilityGlobals) = postSolution
		SolutionGuid = {DF72C29A-2FBF-40A8-8D17-CAA193B936F7}
	EndGlobalSection
EndGlobal
